// !$*UTF8*$!
{
	archiveVersion = 1;
	classes = {
	};
	objectVersion = 77;
	objects = {

/* Begin PBXBuildFile section */
		181CB4EF2E0EBD9C005A292A /* Lottie in Frameworks */ = {isa = PBXBuildFile; productRef = 181CB4EE2E0EBD9C005A292A /* Lottie */; };
		181CB4F12E0EBD9F005A292A /* confetti.json in Resources */ = {isa = PBXBuildFile; fileRef = 181CB4F02E0EBD9F005A292A /* confetti.json */; };
		185BB3CE2E0D5A66004A9DCD /* Assets.xcassets in Resources */ = {isa = PBXBuildFile; fileRef = 185BB3C52E0D5A66004A9DCD /* Assets.xcassets */; };
		185BB3D02E0D5A66004A9DCD /* LaunchScreen.storyboard in Resources */ = {isa = PBXBuildFile; fileRef = 185BB3C82E0D5A66004A9DCD /* LaunchScreen.storyboard */; };
		185BB3D12E0D5A66004A9DCD /* Main.storyboard in Resources */ = {isa = PBXBuildFile; fileRef = 185BB3CA2E0D5A66004A9DCD /* Main.storyboard */; };
		185BB3D22E0D5A66004A9DCD /* AppDelegate.swift in Sources */ = {isa = PBXBuildFile; fileRef = 185BB3C42E0D5A66004A9DCD /* AppDelegate.swift */; };
		185BB3D32E0D5A66004A9DCD /* SceneDelegate.swift in Sources */ = {isa = PBXBuildFile; fileRef = 185BB3CB2E0D5A66004A9DCD /* SceneDelegate.swift */; };
		185BB3D42E0D5A66004A9DCD /* ViewController.swift in Sources */ = {isa = PBXBuildFile; fileRef = 185BB3CC2E0D5A66004A9DCD /* ViewController.swift */; };
/* End PBXBuildFile section */

/* Begin PBXFileReference section */
		181CB4F02E0EBD9F005A292A /* confetti.json */ = {isa = PBXFileReference; lastKnownFileType = text.json; path = confetti.json; sourceTree = "<group>"; };
		185BB3AC2E0D5A10004A9DCD /* PasswordLock.app */ = {isa = PBXFileReference; explicitFileType = wrapper.application; includeInIndex = 0; path = PasswordLock.app; sourceTree = BUILT_PRODUCTS_DIR; };
		185BB3C42E0D5A66004A9DCD /* AppDelegate.swift */ = {isa = PBXFileReference; lastKnownFileType = sourcecode.swift; path = AppDelegate.swift; sourceTree = "<group>"; };
		185BB3C52E0D5A66004A9DCD /* Assets.xcassets */ = {isa = PBXFileReference; lastKnownFileType = folder.assetcatalog; path = Assets.xcassets; sourceTree = "<group>"; };
		185BB3C62E0D5A66004A9DCD /* Info.plist */ = {isa = PBXFileReference; lastKnownFileType = text.plist.xml; path = Info.plist; sourceTree = "<group>"; };
		185BB3C72E0D5A66004A9DCD /* Base */ = {isa = PBXFileReference; lastKnownFileType = file.storyboard; name = Base; path = Base.lproj/LaunchScreen.storyboard; sourceTree = "<group>"; };
		185BB3C92E0D5A66004A9DCD /* Base */ = {isa = PBXFileReference; lastKnownFileType = file.storyboard; name = Base; path = Base.lproj/Main.storyboard; sourceTree = "<group>"; };
		185BB3CB2E0D5A66004A9DCD /* SceneDelegate.swift */ = {isa = PBXFileReference; lastKnownFileType = sourcecode.swift; path = SceneDelegate.swift; sourceTree = "<group>"; };
		185BB3CC2E0D5A66004A9DCD /* ViewController.swift */ = {isa = PBXFileReference; lastKnownFileType = sourcecode.swift; path = ViewController.swift; sourceTree = "<group>"; };
/* End PBXFileReference section */

/* Begin PBXFrameworksBuildPhase section */
		185BB3A92E0D5A10004A9DCD /* Frameworks */ = {
			isa = PBXFrameworksBuildPhase;
			buildActionMask = 2147483647;
			files = (
				181CB4EF2E0EBD9C005A292A /* Lottie in Frameworks */,
			);
			runOnlyForDeploymentPostprocessing = 0;
		};
/* End PBXFrameworksBuildPhase section */

/* Begin PBXGroup section */
		185BB3A32E0D5A10004A9DCD = {
			isa = PBXGroup;
			children = (
				185BB3CD2E0D5A66004A9DCD /* PasswordLock */,
				185BB3AD2E0D5A10004A9DCD /* Products */,
			);
			sourceTree = "<group>";
		};
		185BB3AD2E0D5A10004A9DCD /* Products */ = {
			isa = PBXGroup;
			children = (
				185BB3AC2E0D5A10004A9DCD /* PasswordLock.app */,
			);
			name = Products;
			sourceTree = "<group>";
		};
		185BB3CD2E0D5A66004A9DCD /* PasswordLock */ = {
			isa = PBXGroup;
			children = (
				185BB3C42E0D5A66004A9DCD /* AppDelegate.swift */,
				185BB3CB2E0D5A66004A9DCD /* SceneDelegate.swift */,
				185BB3C82E0D5A66004A9DCD /* LaunchScreen.storyboard */,
				185BB3CC2E0D5A66004A9DCD /* ViewController.swift */,
				185BB3CA2E0D5A66004A9DCD /* Main.storyboard */,
				185BB3C52E0D5A66004A9DCD /* Assets.xcassets */,
				185BB3C62E0D5A66004A9DCD /* Info.plist */,
				181CB4F02E0EBD9F005A292A /* confetti.json */,
			);
			path = PasswordLock;
			sourceTree = "<group>";
		};
/* End PBXGroup section */

/* Begin PBXNativeTarget section */
		185BB3AB2E0D5A10004A9DCD /* PasswordLock */ = {
			isa = PBXNativeTarget;
			buildConfigurationList = 185BB3BF2E0D5A12004A9DCD /* Build configuration list for PBXNativeTarget "PasswordLock" */;
			buildPhases = (
				185BB3A82E0D5A10004A9DCD /* Sources */,
				185BB3A92E0D5A10004A9DCD /* Frameworks */,
				185BB3AA2E0D5A10004A9DCD /* Resources */,
			);
			buildRules = (
			);
			dependencies = (
			);
			name = PasswordLock;
			packageProductDependencies = (
				181CB4EE2E0EBD9C005A292A /* Lottie */,
			);
			productName = PasswordLock;
			productReference = 185BB3AC2E0D5A10004A9DCD /* PasswordLock.app */;
			productType = "com.apple.product-type.application";
		};
/* End PBXNativeTarget section */

/* Begin PBXProject section */
		185BB3A42E0D5A10004A9DCD /* Project object */ = {
			isa = PBXProject;
			attributes = {
				BuildIndependentTargetsInParallel = 1;
				LastSwiftUpdateCheck = 1630;
				LastUpgradeCheck = 1630;
				TargetAttributes = {
					185BB3AB2E0D5A10004A9DCD = {
						CreatedOnToolsVersion = 16.3;
					};
				};
			};
			buildConfigurationList = 185BB3A72E0D5A10004A9DCD /* Build configuration list for PBXProject "PasswordLock" */;
			developmentRegion = en;
			hasScannedForEncodings = 0;
			knownRegions = (
				en,
				Base,
			);
			mainGroup = 185BB3A32E0D5A10004A9DCD;
			minimizedProjectReferenceProxies = 1;
			packageReferences = (
				181CB4ED2E0EBD9C005A292A /* XCRemoteSwiftPackageReference "lottie-spm" */,
			);
			preferredProjectObjectVersion = 77;
			productRefGroup = 185BB3AD2E0D5A10004A9DCD /* Products */;
			projectDirPath = "";
			projectRoot = "";
			targets = (
				185BB3AB2E0D5A10004A9DCD /* PasswordLock */,
			);
		};
/* End PBXProject section */

/* Begin PBXResourcesBuildPhase section */
		185BB3AA2E0D5A10004A9DCD /* Resources */ = {
			isa = PBXResourcesBuildPhase;
			buildActionMask = 2147483647;
			files = (
				185BB3CE2E0D5A66004A9DCD /* Assets.xcassets in Resources */,
				181CB4F12E0EBD9F005A292A /* confetti.json in Resources */,
				185BB3D02E0D5A66004A9DCD /* LaunchScreen.storyboard in Resources */,
				185BB3D12E0D5A66004A9DCD /* Main.storyboard in Resources */,
			);
			runOnlyForDeploymentPostprocessing = 0;
		};
/* End PBXResourcesBuildPhase section */

/* Begin PBXSourcesBuildPhase section */
		185BB3A82E0D5A10004A9DCD /* Sources */ = {
			isa = PBXSourcesBuildPhase;
			buildActionMask = 2147483647;
			files = (
				185BB3D22E0D5A66004A9DCD /* AppDelegate.swift in Sources */,
				185BB3D32E0D5A66004A9DCD /* SceneDelegate.swift in Sources */,
				185BB3D42E0D5A66004A9DCD /* ViewController.swift in Sources */,
			);
			runOnlyForDeploymentPostprocessing = 0;
		};
/* End PBXSourcesBuildPhase section */

/* Begin PBXVariantGroup section */
		185BB3C82E0D5A66004A9DCD /* LaunchScreen.storyboard */ = {
			isa = PBXVariantGroup;
			children = (
				185BB3C72E0D5A66004A9DCD /* Base */,
			);
			name = LaunchScreen.storyboard;
			sourceTree = "<group>";
		};
		185BB3CA2E0D5A66004A9DCD /* Main.storyboard */ = {
			isa = PBXVariantGroup;
			children = (
				185BB3C92E0D5A66004A9DCD /* Base */,
			);
			name = Main.storyboard;
			sourceTree = "<group>";
		};
/* End PBXVariantGroup section */

/* Begin XCBuildConfiguration section */
		185BB3C02E0D5A12004A9DCD /* Debug */ = {
			isa = XCBuildConfiguration;
			buildSettings = {
				ASSETCATALOG_COMPILER_APPICON_NAME = AppIcon;
				ASSETCATALOG_COMPILER_GLOBAL_ACCENT_COLOR_NAME = AccentColor;
				CODE_SIGN_STYLE = Automatic;
				CURRENT_PROJECT_VERSION = 1;
				DEVELOPMENT_TEAM = B6225A755G;
				GENERATE_INFOPLIST_FILE = YES;
				INFOPLIST_FILE = PasswordLock/Info.plist;
				INFOPLIST_KEY_CFBundleDisplayName = 6sPassword;
				INFOPLIST_KEY_UIApplicationSupportsIndirectInputEvents = YES;
				INFOPLIST_KEY_UILaunchStoryboardName = LaunchScreen;
				INFOPLIST_KEY_UIMainStoryboardFile = Main;
				INFOPLIST_KEY_UIStatusBarHidden = YES;
				INFOPLIST_KEY_UISupportedInterfaceOrientations = UIInterfaceOrientationPortrait;
				INFOPLIST_KEY_UISupportedInterfaceOrientations_iPad = "UIInterfaceOrientationLandscapeLeft UIInterfaceOrientationLandscapeRight UIInterfaceOrientationPortrait UIInterfaceOrientationPortraitUpsideDown";
				IPHONEOS_DEPLOYMENT_TARGET = 15.6;
				LD_RUNPATH_SEARCH_PATHS = (
					"$(inherited)",
					"@executable_path/Frameworks",
				);
				MARKETING_VERSION = 1.0;
				PRODUCT_BUNDLE_IDENTIFIER = raaj.PasswordLock;
				PRODUCT_NAME = "$(TARGET_NAME)";
				SUPPORTED_PLATFORMS = "iphoneos iphonesimulator";
				SUPPORTS_MACCATALYST = NO;
				SUPPORTS_MAC_DESIGNED_FOR_IPHONE_IPAD = NO;
				SUPPORTS_XR_DESIGNED_FOR_IPHONE_IPAD = NO;
				SWIFT_EMIT_LOC_STRINGS = YES;
				SWIFT_VERSION = 5.0;
				TARGETED_DEVICE_FAMILY = 1;
			};
			name = Debug;
		};
		185BB3C12E0D5A12004A9DCD /* Release */ = {
			isa = XCBuildConfiguration;
			buildSettings = {
				ASSETCATALOG_COMPILER_APPICON_NAME = AppIcon;
				ASSETCATALOG_COMPILER_GLOBAL_ACCENT_COLOR_NAME = AccentColor;
				CODE_SIGN_STYLE = Automatic;
				CURRENT_PROJECT_VERSION = 1;
				DEVELOPMENT_TEAM = B6225A755G;
				GENERATE_INFOPLIST_FILE = YES;
				INFOPLIST_FILE = PasswordLock/Info.plist;
				INFOPLIST_KEY_CFBundleDisplayName = 6sPassword;
				INFOPLIST_KEY_UIApplicationSupportsIndirectInputEvents = YES;
				INFOPLIST_KEY_UILaunchStoryboardName = LaunchScreen;
				INFOPLIST_KEY_UIMainStoryboardFile = Main;
				INFOPLIST_KEY_UIStatusBarHidden = YES;
				INFOPLIST_KEY_UISupportedInterfaceOrientations = UIInterfaceOrientationPortrait;
				INFOPLIST_KEY_UISupportedInterfaceOrientations_iPad = "UIInterfaceOrientationLandscapeLeft UIInterfaceOrientationLandscapeRight UIInterfaceOrientationPortrait UIInterfaceOrientationPortraitUpsideDown";
				IPHONEOS_DEPLOYMENT_TARGET = 15.6;
				LD_RUNPATH_SEARCH_PATHS = (
					"$(inherited)",
					"@executable_path/Frameworks",
				);
				MARKETING_VERSION = 1.0;
				PRODUCT_BUNDLE_IDENTIFIER = raaj.PasswordLock;
				PRODUCT_NAME = "$(TARGET_NAME)";
				SUPPORTED_PLATFORMS = "iphoneos iphonesimulator";
				SUPPORTS_MACCATALYST = NO;
				SUPPORTS_MAC_DESIGNED_FOR_IPHONE_IPAD = NO;
				SUPPORTS_XR_DESIGNED_FOR_IPHONE_IPAD = NO;
				SWIFT_EMIT_LOC_STRINGS = YES;
				SWIFT_VERSION = 5.0;
				TARGETED_DEVICE_FAMILY = 1;
			};
			name = Release;
		};
		185BB3C22E0D5A12004A9DCD /* Debug */ = {
			isa = XCBuildConfiguration;
			buildSettings = {
				ALWAYS_SEARCH_USER_PATHS = NO;
				ASSETCATALOG_COMPILER_GENERATE_SWIFT_ASSET_SYMBOL_EXTENSIONS = YES;
				CLANG_ANALYZER_NONNULL = YES;
				CLANG_ANALYZER_NUMBER_OBJECT_CONVERSION = YES_AGGRESSIVE;
				CLANG_CXX_LANGUAGE_STANDARD = "gnu++20";
				CLANG_ENABLE_MODULES = YES;
				CLANG_ENABLE_OBJC_ARC = YES;
				CLANG_ENABLE_OBJC_WEAK = YES;
				CLANG_WARN_BLOCK_CAPTURE_AUTORELEASING = YES;
				CLANG_WARN_BOOL_CONVERSION = YES;
				CLANG_WARN_COMMA = YES;
				CLANG_WARN_CONSTANT_CONVERSION = YES;
				CLANG_WARN_DEPRECATED_OBJC_IMPLEMENTATIONS = YES;
				CLANG_WARN_DIRECT_OBJC_ISA_USAGE = YES_ERROR;
				CLANG_WARN_DOCUMENTATION_COMMENTS = YES;
				CLANG_WARN_EMPTY_BODY = YES;
				CLANG_WARN_ENUM_CONVERSION = YES;
				CLANG_WARN_INFINITE_RECURSION = YES;
				CLANG_WARN_INT_CONVERSION = YES;
				CLANG_WARN_NON_LITERAL_NULL_CONVERSION = YES;
				CLANG_WARN_OBJC_IMPLICIT_RETAIN_SELF = YES;
				CLANG_WARN_OBJC_LITERAL_CONVERSION = YES;
				CLANG_WARN_OBJC_ROOT_CLASS = YES_ERROR;
				CLANG_WARN_QUOTED_INCLUDE_IN_FRAMEWORK_HEADER = YES;
				CLANG_WARN_RANGE_LOOP_ANALYSIS = YES;
				CLANG_WARN_STRICT_PROTOTYPES = YES;
				CLANG_WARN_SUSPICIOUS_MOVE = YES;
				CLANG_WARN_UNGUARDED_AVAILABILITY = YES_AGGRESSIVE;
				CLANG_WARN_UNREACHABLE_CODE = YES;
				CLANG_WARN__DUPLICATE_METHOD_MATCH = YES;
				COPY_PHASE_STRIP = NO;
				DEBUG_INFORMATION_FORMAT = dwarf;
				DEVELOPMENT_TEAM = B6225A755G;
				ENABLE_STRICT_OBJC_MSGSEND = YES;
				ENABLE_TESTABILITY = YES;
				ENABLE_USER_SCRIPT_SANDBOXING = YES;
				GCC_C_LANGUAGE_STANDARD = gnu17;
				GCC_DYNAMIC_NO_PIC = NO;
				GCC_NO_COMMON_BLOCKS = YES;
				GCC_OPTIMIZATION_LEVEL = 0;
				GCC_PREPROCESSOR_DEFINITIONS = (
					"DEBUG=1",
					"$(inherited)",
				);
				GCC_WARN_64_TO_32_BIT_CONVERSION = YES;
				GCC_WARN_ABOUT_RETURN_TYPE = YES_ERROR;
				GCC_WARN_UNDECLARED_SELECTOR = YES;
				GCC_WARN_UNINITIALIZED_AUTOS = YES_AGGRESSIVE;
				GCC_WARN_UNUSED_FUNCTION = YES;
				GCC_WARN_UNUSED_VARIABLE = YES;
				IPHONEOS_DEPLOYMENT_TARGET = 18.4;
				LOCALIZATION_PREFERS_STRING_CATALOGS = YES;
				MTL_ENABLE_DEBUG_INFO = INCLUDE_SOURCE;
				MTL_FAST_MATH = YES;
				ONLY_ACTIVE_ARCH = YES;
				SDKROOT = iphoneos;
				SWIFT_ACTIVE_COMPILATION_CONDITIONS = "DEBUG $(inherited)";
				SWIFT_OPTIMIZATION_LEVEL = "-Onone";
			};
			name = Debug;
		};
		185BB3C32E0D5A12004A9DCD /* Release */ = {
			isa = XCBuildConfiguration;
			buildSettings = {
				ALWAYS_SEARCH_USER_PATHS = NO;
				ASSETCATALOG_COMPILER_GENERATE_SWIFT_ASSET_SYMBOL_EXTENSIONS = YES;
				CLANG_ANALYZER_NONNULL = YES;
				CLANG_ANALYZER_NUMBER_OBJECT_CONVERSION = YES_AGGRESSIVE;
				CLANG_CXX_LANGUAGE_STANDARD = "gnu++20";
				CLANG_ENABLE_MODULES = YES;
				CLANG_ENABLE_OBJC_ARC = YES;
				CLANG_ENABLE_OBJC_WEAK = YES;
				CLANG_WARN_BLOCK_CAPTURE_AUTORELEASING = YES;
				CLANG_WARN_BOOL_CONVERSION = YES;
				CLANG_WARN_COMMA = YES;
				CLANG_WARN_CONSTANT_CONVERSION = YES;
				CLANG_WARN_DEPRECATED_OBJC_IMPLEMENTATIONS = YES;
				CLANG_WARN_DIRECT_OBJC_ISA_USAGE = YES_ERROR;
				CLANG_WARN_DOCUMENTATION_COMMENTS = YES;
				CLANG_WARN_EMPTY_BODY = YES;
				CLANG_WARN_ENUM_CONVERSION = YES;
				CLANG_WARN_INFINITE_RECURSION = YES;
				CLANG_WARN_INT_CONVERSION = YES;
				CLANG_WARN_NON_LITERAL_NULL_CONVERSION = YES;
				CLANG_WARN_OBJC_IMPLICIT_RETAIN_SELF = YES;
				CLANG_WARN_OBJC_LITERAL_CONVERSION = YES;
				CLANG_WARN_OBJC_ROOT_CLASS = YES_ERROR;
				CLANG_WARN_QUOTED_INCLUDE_IN_FRAMEWORK_HEADER = YES;
				CLANG_WARN_RANGE_LOOP_ANALYSIS = YES;
				CLANG_WARN_STRICT_PROTOTYPES = YES;
				CLANG_WARN_SUSPICIOUS_MOVE = YES;
				CLANG_WARN_UNGUARDED_AVAILABILITY = YES_AGGRESSIVE;
				CLANG_WARN_UNREACHABLE_CODE = YES;
				CLANG_WARN__DUPLICATE_METHOD_MATCH = YES;
				COPY_PHASE_STRIP = NO;
				DEBUG_INFORMATION_FORMAT = "dwarf-with-dsym";
				DEVELOPMENT_TEAM = B6225A755G;
				ENABLE_NS_ASSERTIONS = NO;
				ENABLE_STRICT_OBJC_MSGSEND = YES;
				ENABLE_USER_SCRIPT_SANDBOXING = YES;
				GCC_C_LANGUAGE_STANDARD = gnu17;
				GCC_NO_COMMON_BLOCKS = YES;
				GCC_WARN_64_TO_32_BIT_CONVERSION = YES;
				GCC_WARN_ABOUT_RETURN_TYPE = YES_ERROR;
				GCC_WARN_UNDECLARED_SELECTOR = YES;
				GCC_WARN_UNINITIALIZED_AUTOS = YES_AGGRESSIVE;
				GCC_WARN_UNUSED_FUNCTION = YES;
				GCC_WARN_UNUSED_VARIABLE = YES;
				IPHONEOS_DEPLOYMENT_TARGET = 18.4;
				LOCALIZATION_PREFERS_STRING_CATALOGS = YES;
				MTL_ENABLE_DEBUG_INFO = NO;
				MTL_FAST_MATH = YES;
				SDKROOT = iphoneos;
				SWIFT_COMPILATION_MODE = wholemodule;
				VALIDATE_PRODUCT = YES;
			};
			name = Release;
		};
/* End XCBuildConfiguration section */

/* Begin XCConfigurationList section */
		185BB3A72E0D5A10004A9DCD /* Build configuration list for PBXProject "PasswordLock" */ = {
			isa = XCConfigurationList;
			buildConfigurations = (
				185BB3C22E0D5A12004A9DCD /* Debug */,
				185BB3C32E0D5A12004A9DCD /* Release */,
			);
			defaultConfigurationIsVisible = 0;
			defaultConfigurationName = Release;
		};
		185BB3BF2E0D5A12004A9DCD /* Build configuration list for PBXNativeTarget "PasswordLock" */ = {
			isa = XCConfigurationList;
			buildConfigurations = (
				185BB3C02E0D5A12004A9DCD /* Debug */,
				185BB3C12E0D5A12004A9DCD /* Release */,
			);
			defaultConfigurationIsVisible = 0;
			defaultConfigurationName = Release;
		};
/* End XCConfigurationList section */

/* Begin XCRemoteSwiftPackageReference section */
		181CB4ED2E0EBD9C005A292A /* XCRemoteSwiftPackageReference "lottie-spm" */ = {
			isa = XCRemoteSwiftPackageReference;
			repositoryURL = "https://github.com/airbnb/lottie-spm.git";
			requirement = {
				kind = upToNextMajorVersion;
				minimumVersion = 4.5.2;
			};
		};
/* End XCRemoteSwiftPackageReference section */

/* Begin XCSwiftPackageProductDependency section */
		181CB4EE2E0EBD9C005A292A /* Lottie */ = {
			isa = XCSwiftPackageProductDependency;
			package = 181CB4ED2E0EBD9C005A292A /* XCRemoteSwiftPackageReference "lottie-spm" */;
			productName = Lottie;
		};
/* End XCSwiftPackageProductDependency section */
	};
	rootObject = 185BB3A42E0D5A10004A9DCD /* Project object */;
}
