// !$*UTF8*$!
{
	archiveVersion = 1;
	classes = {
	};
	objectVersion = 77;
	objects = {

/* Begin PBXBuildFile section */
		1816027B2E27876300131AEE /* tap.wav in Resources */ = {isa = PBXBuildFile; fileRef = 1816027A2E27876300131AEE /* tap.wav */; };
		181CB4EF2E0EBD9C005A292A /* Lottie in Frameworks */ = {isa = PBXBuildFile; productRef = 181CB4EE2E0EBD9C005A292A /* Lottie */; };
		181CB4F12E0EBD9F005A292A /* confetti.json in Resources */ = {isa = PBXBuildFile; fileRef = 181CB4F02E0EBD9F005A292A /* confetti.json */; };
		18380ADF2E17B7EB00F554BA /* BaseViewController.swift in Sources */ = {isa = PBXBuildFile; fileRef = 18380ADE2E17B7EB00F554BA /* BaseViewController.swift */; };
		18473D3B2E13F3BB002B023B /* SplashVC.xib in Resources */ = {isa = PBXBuildFile; fileRef = 18473D3A2E13F3BB002B023B /* SplashVC.xib */; };
		18473D3C2E13F3BB002B023B /* SplashVC.swift in Sources */ = {isa = PBXBuildFile; fileRef = 18473D392E13F3BB002B023B /* SplashVC.swift */; };
		18473D432E13F50F002B023B /* typing.json in Resources */ = {isa = PBXBuildFile; fileRef = 18473D422E13F50F002B023B /* typing.json */; };
		18473D492E13F84C002B023B /* TabBarVC.swift in Sources */ = {isa = PBXBuildFile; fileRef = 18473D472E13F84C002B023B /* TabBarVC.swift */; };
		18473D4F2E13FC70002B023B /* SettingsVC.swift in Sources */ = {isa = PBXBuildFile; fileRef = 18473D4D2E13FC70002B023B /* SettingsVC.swift */; };
		18473D582E13FDB2002B023B /* SettingCell.swift in Sources */ = {isa = PBXBuildFile; fileRef = 18473D552E13FDB2002B023B /* SettingCell.swift */; };
		18473D592E13FDB2002B023B /* SettingCell.xib in Resources */ = {isa = PBXBuildFile; fileRef = 18473D562E13FDB2002B023B /* SettingCell.xib */; };
		18473D5F2E1409E6002B023B /* HomeVC.swift in Sources */ = {isa = PBXBuildFile; fileRef = 18473D5D2E1409E6002B023B /* HomeVC.swift */; };
		18473D612E14103C002B023B /* Constants.swift in Sources */ = {isa = PBXBuildFile; fileRef = 18473D602E14103C002B023B /* Constants.swift */; };
		185BB3CE2E0D5A66004A9DCD /* Assets.xcassets in Resources */ = {isa = PBXBuildFile; fileRef = 185BB3C52E0D5A66004A9DCD /* Assets.xcassets */; };
		185BB3D02E0D5A66004A9DCD /* LaunchScreen.storyboard in Resources */ = {isa = PBXBuildFile; fileRef = 185BB3C82E0D5A66004A9DCD /* LaunchScreen.storyboard */; };
		185BB3D12E0D5A66004A9DCD /* Main.storyboard in Resources */ = {isa = PBXBuildFile; fileRef = 185BB3CA2E0D5A66004A9DCD /* Main.storyboard */; };
		185BB3D22E0D5A66004A9DCD /* AppDelegate.swift in Sources */ = {isa = PBXBuildFile; fileRef = 185BB3C42E0D5A66004A9DCD /* AppDelegate.swift */; };
		188BB29E2E1E48C100020F10 /* AcheivementCell.swift in Sources */ = {isa = PBXBuildFile; fileRef = 188BB29B2E1E48C100020F10 /* AcheivementCell.swift */; };
		188BB29F2E1E48C100020F10 /* AcheivementCell.xib in Resources */ = {isa = PBXBuildFile; fileRef = 188BB29C2E1E48C100020F10 /* AcheivementCell.xib */; };
		188BB2A12E1E49D400020F10 /* StatsVC.swift in Sources */ = {isa = PBXBuildFile; fileRef = 188BB2A02E1E49D400020F10 /* StatsVC.swift */; };
		188BB2A62E1E504500020F10 /* ChallengeSettingsVC.swift in Sources */ = {isa = PBXBuildFile; fileRef = 188BB2A42E1E504500020F10 /* ChallengeSettingsVC.swift */; };
		188BB2A72E1E504500020F10 /* ChallengeSettingsVC.xib in Resources */ = {isa = PBXBuildFile; fileRef = 188BB2A52E1E504500020F10 /* ChallengeSettingsVC.xib */; };
		18D391C62E150489003CEDD0 /* ChallengeVC.swift in Sources */ = {isa = PBXBuildFile; fileRef = 18D391C32E150489003CEDD0 /* ChallengeVC.swift */; };
		18D391C72E150489003CEDD0 /* ChallengeVC.xib in Resources */ = {isa = PBXBuildFile; fileRef = 18D391C42E150489003CEDD0 /* ChallengeVC.xib */; };
		18F76A582E26251400C5D634 /* UserDefaultsManager.swift in Sources */ = {isa = PBXBuildFile; fileRef = 18F76A572E26251400C5D634 /* UserDefaultsManager.swift */; };
		18F76A6A2E26778E00C5D634 /* PracticeVC.xib in Resources */ = {isa = PBXBuildFile; fileRef = 18F76A682E26778E00C5D634 /* PracticeVC.xib */; };
		18F76A6B2E26778E00C5D634 /* PracticeVC.swift in Sources */ = {isa = PBXBuildFile; fileRef = 18F76A672E26778E00C5D634 /* PracticeVC.swift */; };
/* End PBXBuildFile section */

/* Begin PBXCopyFilesBuildPhase section */
		1810B7302E2A530F0002B89A /* Embed Foundation Extensions */ = {
			isa = PBXCopyFilesBuildPhase;
			buildActionMask = 2147483647;
			dstPath = "";
			dstSubfolderSpec = 13;
			files = (
			);
			name = "Embed Foundation Extensions";
			runOnlyForDeploymentPostprocessing = 0;
		};
/* End PBXCopyFilesBuildPhase section */

/* Begin PBXFileReference section */
		1816027A2E27876300131AEE /* tap.wav */ = {isa = PBXFileReference; lastKnownFileType = audio.wav; path = tap.wav; sourceTree = "<group>"; };
		181CB4F02E0EBD9F005A292A /* confetti.json */ = {isa = PBXFileReference; lastKnownFileType = text.json; path = confetti.json; sourceTree = "<group>"; };
		18380ADE2E17B7EB00F554BA /* BaseViewController.swift */ = {isa = PBXFileReference; lastKnownFileType = sourcecode.swift; path = BaseViewController.swift; sourceTree = "<group>"; };
		18473D392E13F3BB002B023B /* SplashVC.swift */ = {isa = PBXFileReference; lastKnownFileType = sourcecode.swift; path = SplashVC.swift; sourceTree = "<group>"; };
		18473D3A2E13F3BB002B023B /* SplashVC.xib */ = {isa = PBXFileReference; lastKnownFileType = file.xib; path = SplashVC.xib; sourceTree = "<group>"; };
		18473D422E13F50F002B023B /* typing.json */ = {isa = PBXFileReference; lastKnownFileType = text.json; path = typing.json; sourceTree = "<group>"; };
		18473D472E13F84C002B023B /* TabBarVC.swift */ = {isa = PBXFileReference; lastKnownFileType = sourcecode.swift; path = TabBarVC.swift; sourceTree = "<group>"; };
		18473D4D2E13FC70002B023B /* SettingsVC.swift */ = {isa = PBXFileReference; lastKnownFileType = sourcecode.swift; path = SettingsVC.swift; sourceTree = "<group>"; };
		18473D552E13FDB2002B023B /* SettingCell.swift */ = {isa = PBXFileReference; lastKnownFileType = sourcecode.swift; path = SettingCell.swift; sourceTree = "<group>"; };
		18473D562E13FDB2002B023B /* SettingCell.xib */ = {isa = PBXFileReference; lastKnownFileType = file.xib; path = SettingCell.xib; sourceTree = "<group>"; };
		18473D5D2E1409E6002B023B /* HomeVC.swift */ = {isa = PBXFileReference; lastKnownFileType = sourcecode.swift; path = HomeVC.swift; sourceTree = "<group>"; };
		18473D602E14103C002B023B /* Constants.swift */ = {isa = PBXFileReference; lastKnownFileType = sourcecode.swift; path = Constants.swift; sourceTree = "<group>"; };
		185BB3AC2E0D5A10004A9DCD /* PasswordLock.app */ = {isa = PBXFileReference; explicitFileType = wrapper.application; includeInIndex = 0; path = PasswordLock.app; sourceTree = BUILT_PRODUCTS_DIR; };
		185BB3C42E0D5A66004A9DCD /* AppDelegate.swift */ = {isa = PBXFileReference; lastKnownFileType = sourcecode.swift; path = AppDelegate.swift; sourceTree = "<group>"; };
		185BB3C52E0D5A66004A9DCD /* Assets.xcassets */ = {isa = PBXFileReference; lastKnownFileType = folder.assetcatalog; path = Assets.xcassets; sourceTree = "<group>"; };
		185BB3C62E0D5A66004A9DCD /* Info.plist */ = {isa = PBXFileReference; lastKnownFileType = text.plist.xml; path = Info.plist; sourceTree = "<group>"; };
		185BB3C72E0D5A66004A9DCD /* Base */ = {isa = PBXFileReference; lastKnownFileType = file.storyboard; name = Base; path = Base.lproj/LaunchScreen.storyboard; sourceTree = "<group>"; };
		185BB3C92E0D5A66004A9DCD /* Base */ = {isa = PBXFileReference; lastKnownFileType = file.storyboard; name = Base; path = Base.lproj/Main.storyboard; sourceTree = "<group>"; };
		188BB29B2E1E48C100020F10 /* AcheivementCell.swift */ = {isa = PBXFileReference; lastKnownFileType = sourcecode.swift; path = AcheivementCell.swift; sourceTree = "<group>"; };
		188BB29C2E1E48C100020F10 /* AcheivementCell.xib */ = {isa = PBXFileReference; lastKnownFileType = file.xib; path = AcheivementCell.xib; sourceTree = "<group>"; };
		188BB2A02E1E49D400020F10 /* StatsVC.swift */ = {isa = PBXFileReference; lastKnownFileType = sourcecode.swift; path = StatsVC.swift; sourceTree = "<group>"; };
		188BB2A42E1E504500020F10 /* ChallengeSettingsVC.swift */ = {isa = PBXFileReference; lastKnownFileType = sourcecode.swift; path = ChallengeSettingsVC.swift; sourceTree = "<group>"; };
		188BB2A52E1E504500020F10 /* ChallengeSettingsVC.xib */ = {isa = PBXFileReference; lastKnownFileType = file.xib; path = ChallengeSettingsVC.xib; sourceTree = "<group>"; };
		18D391C32E150489003CEDD0 /* ChallengeVC.swift */ = {isa = PBXFileReference; lastKnownFileType = sourcecode.swift; path = ChallengeVC.swift; sourceTree = "<group>"; };
		18D391C42E150489003CEDD0 /* ChallengeVC.xib */ = {isa = PBXFileReference; lastKnownFileType = file.xib; path = ChallengeVC.xib; sourceTree = "<group>"; };
		18F76A572E26251400C5D634 /* UserDefaultsManager.swift */ = {isa = PBXFileReference; lastKnownFileType = sourcecode.swift; path = UserDefaultsManager.swift; sourceTree = "<group>"; };
		18F76A672E26778E00C5D634 /* PracticeVC.swift */ = {isa = PBXFileReference; lastKnownFileType = sourcecode.swift; path = PracticeVC.swift; sourceTree = "<group>"; };
		18F76A682E26778E00C5D634 /* PracticeVC.xib */ = {isa = PBXFileReference; lastKnownFileType = file.xib; path = PracticeVC.xib; sourceTree = "<group>"; };
/* End PBXFileReference section */

/* Begin PBXFrameworksBuildPhase section */
		185BB3A92E0D5A10004A9DCD /* Frameworks */ = {
			isa = PBXFrameworksBuildPhase;
			buildActionMask = 2147483647;
			files = (
				181CB4EF2E0EBD9C005A292A /* Lottie in Frameworks */,
			);
			runOnlyForDeploymentPostprocessing = 0;
		};
/* End PBXFrameworksBuildPhase section */

/* Begin PBXGroup section */
		18380ADD2E17B7D400F554BA /* Base */ = {
			isa = PBXGroup;
			children = (
				18380ADE2E17B7EB00F554BA /* BaseViewController.swift */,
			);
			path = Base;
			sourceTree = "<group>";
		};
		18473D3D2E13F3C2002B023B /* Splash */ = {
			isa = PBXGroup;
			children = (
				18473D392E13F3BB002B023B /* SplashVC.swift */,
				18473D3A2E13F3BB002B023B /* SplashVC.xib */,
			);
			path = Splash;
			sourceTree = "<group>";
		};
		18473D3E2E13F3CC002B023B /* Animations */ = {
			isa = PBXGroup;
			children = (
				181CB4F02E0EBD9F005A292A /* confetti.json */,
				18473D422E13F50F002B023B /* typing.json */,
			);
			path = Animations;
			sourceTree = "<group>";
		};
		18473D3F2E13F3D4002B023B /* Resources */ = {
			isa = PBXGroup;
			children = (
				1816027A2E27876300131AEE /* tap.wav */,
				185BB3C52E0D5A66004A9DCD /* Assets.xcassets */,
				18473D3E2E13F3CC002B023B /* Animations */,
			);
			path = Resources;
			sourceTree = "<group>";
		};
		18473D402E13F3DF002B023B /* Application */ = {
			isa = PBXGroup;
			children = (
				185BB3C42E0D5A66004A9DCD /* AppDelegate.swift */,
				185BB3C82E0D5A66004A9DCD /* LaunchScreen.storyboard */,
				185BB3C62E0D5A66004A9DCD /* Info.plist */,
			);
			path = Application;
			sourceTree = "<group>";
		};
		18473D412E13F3ED002B023B /* Modules */ = {
			isa = PBXGroup;
			children = (
				18380ADD2E17B7D400F554BA /* Base */,
				18473D3D2E13F3C2002B023B /* Splash */,
				18473D482E13F84C002B023B /* Tabbar */,
				18473D5E2E1409E6002B023B /* Home */,
				188BB2952E1E44D500020F10 /* Stats */,
				18473D4E2E13FC70002B023B /* Settings */,
			);
			path = Modules;
			sourceTree = "<group>";
		};
		18473D482E13F84C002B023B /* Tabbar */ = {
			isa = PBXGroup;
			children = (
				185BB3CA2E0D5A66004A9DCD /* Main.storyboard */,
				18473D472E13F84C002B023B /* TabBarVC.swift */,
			);
			path = Tabbar;
			sourceTree = "<group>";
		};
		18473D4E2E13FC70002B023B /* Settings */ = {
			isa = PBXGroup;
			children = (
				18473D4D2E13FC70002B023B /* SettingsVC.swift */,
				18473D572E13FDB2002B023B /* Cell */,
			);
			path = Settings;
			sourceTree = "<group>";
		};
		18473D572E13FDB2002B023B /* Cell */ = {
			isa = PBXGroup;
			children = (
				18473D552E13FDB2002B023B /* SettingCell.swift */,
				18473D562E13FDB2002B023B /* SettingCell.xib */,
			);
			path = Cell;
			sourceTree = "<group>";
		};
		18473D5E2E1409E6002B023B /* Home */ = {
			isa = PBXGroup;
			children = (
				18473D5D2E1409E6002B023B /* HomeVC.swift */,
				188BB2A32E1E503900020F10 /* ChallengeSettings */,
				18D391C52E150489003CEDD0 /* Challenge */,
				18F76A692E26778E00C5D634 /* Practice */,
			);
			path = Home;
			sourceTree = "<group>";
		};
		18473D622E141057002B023B /* Helper */ = {
			isa = PBXGroup;
			children = (
				18473D602E14103C002B023B /* Constants.swift */,
				18F76A572E26251400C5D634 /* UserDefaultsManager.swift */,
			);
			path = Helper;
			sourceTree = "<group>";
		};
		185BB3A32E0D5A10004A9DCD = {
			isa = PBXGroup;
			children = (
				185BB3CD2E0D5A66004A9DCD /* PasswordLock */,
				185BB3AD2E0D5A10004A9DCD /* Products */,
			);
			sourceTree = "<group>";
		};
		185BB3AD2E0D5A10004A9DCD /* Products */ = {
			isa = PBXGroup;
			children = (
				185BB3AC2E0D5A10004A9DCD /* PasswordLock.app */,
			);
			name = Products;
			sourceTree = "<group>";
		};
		185BB3CD2E0D5A66004A9DCD /* PasswordLock */ = {
			isa = PBXGroup;
			children = (
				18473D402E13F3DF002B023B /* Application */,
				18473D3F2E13F3D4002B023B /* Resources */,
				18473D412E13F3ED002B023B /* Modules */,
				18473D622E141057002B023B /* Helper */,
			);
			path = PasswordLock;
			sourceTree = "<group>";
		};
		188BB2952E1E44D500020F10 /* Stats */ = {
			isa = PBXGroup;
			children = (
				188BB2A02E1E49D400020F10 /* StatsVC.swift */,
				188BB29D2E1E48C100020F10 /* Cell */,
			);
			path = Stats;
			sourceTree = "<group>";
		};
		188BB29D2E1E48C100020F10 /* Cell */ = {
			isa = PBXGroup;
			children = (
				188BB29B2E1E48C100020F10 /* AcheivementCell.swift */,
				188BB29C2E1E48C100020F10 /* AcheivementCell.xib */,
			);
			path = Cell;
			sourceTree = "<group>";
		};
		188BB2A32E1E503900020F10 /* ChallengeSettings */ = {
			isa = PBXGroup;
			children = (
				188BB2A42E1E504500020F10 /* ChallengeSettingsVC.swift */,
				188BB2A52E1E504500020F10 /* ChallengeSettingsVC.xib */,
			);
			path = ChallengeSettings;
			sourceTree = "<group>";
		};
		18D391C52E150489003CEDD0 /* Challenge */ = {
			isa = PBXGroup;
			children = (
				18D391C32E150489003CEDD0 /* ChallengeVC.swift */,
				18D391C42E150489003CEDD0 /* ChallengeVC.xib */,
			);
			path = Challenge;
			sourceTree = "<group>";
		};
		18F76A692E26778E00C5D634 /* Practice */ = {
			isa = PBXGroup;
			children = (
				18F76A672E26778E00C5D634 /* PracticeVC.swift */,
				18F76A682E26778E00C5D634 /* PracticeVC.xib */,
			);
			path = Practice;
			sourceTree = "<group>";
		};
/* End PBXGroup section */

/* Begin PBXNativeTarget section */
		185BB3AB2E0D5A10004A9DCD /* PasswordLock */ = {
			isa = PBXNativeTarget;
			buildConfigurationList = 185BB3BF2E0D5A12004A9DCD /* Build configuration list for PBXNativeTarget "PasswordLock" */;
			buildPhases = (
				185BB3A82E0D5A10004A9DCD /* Sources */,
				185BB3A92E0D5A10004A9DCD /* Frameworks */,
				185BB3AA2E0D5A10004A9DCD /* Resources */,
				1810B7302E2A530F0002B89A /* Embed Foundation Extensions */,
			);
			buildRules = (
			);
			dependencies = (
			);
			name = PasswordLock;
			packageProductDependencies = (
				181CB4EE2E0EBD9C005A292A /* Lottie */,
			);
			productName = PasswordLock;
			productReference = 185BB3AC2E0D5A10004A9DCD /* PasswordLock.app */;
			productType = "com.apple.product-type.application";
		};
/* End PBXNativeTarget section */

/* Begin PBXProject section */
		185BB3A42E0D5A10004A9DCD /* Project object */ = {
			isa = PBXProject;
			attributes = {
				BuildIndependentTargetsInParallel = 1;
				LastSwiftUpdateCheck = 1640;
				LastUpgradeCheck = 1630;
				TargetAttributes = {
					185BB3AB2E0D5A10004A9DCD = {
						CreatedOnToolsVersion = 16.3;
					};
				};
			};
			buildConfigurationList = 185BB3A72E0D5A10004A9DCD /* Build configuration list for PBXProject "TypeRush" */;
			developmentRegion = en;
			hasScannedForEncodings = 0;
			knownRegions = (
				en,
				Base,
			);
			mainGroup = 185BB3A32E0D5A10004A9DCD;
			minimizedProjectReferenceProxies = 1;
			packageReferences = (
				181CB4ED2E0EBD9C005A292A /* XCRemoteSwiftPackageReference "lottie-spm" */,
			);
			preferredProjectObjectVersion = 77;
			productRefGroup = 185BB3AD2E0D5A10004A9DCD /* Products */;
			projectDirPath = "";
			projectRoot = "";
			targets = (
				185BB3AB2E0D5A10004A9DCD /* PasswordLock */,
			);
		};
/* End PBXProject section */

/* Begin PBXResourcesBuildPhase section */
		185BB3AA2E0D5A10004A9DCD /* Resources */ = {
			isa = PBXResourcesBuildPhase;
			buildActionMask = 2147483647;
			files = (
				1816027B2E27876300131AEE /* tap.wav in Resources */,
				18473D432E13F50F002B023B /* typing.json in Resources */,
				185BB3CE2E0D5A66004A9DCD /* Assets.xcassets in Resources */,
				188BB29F2E1E48C100020F10 /* AcheivementCell.xib in Resources */,
				18473D592E13FDB2002B023B /* SettingCell.xib in Resources */,
				181CB4F12E0EBD9F005A292A /* confetti.json in Resources */,
				18D391C72E150489003CEDD0 /* ChallengeVC.xib in Resources */,
				18473D3B2E13F3BB002B023B /* SplashVC.xib in Resources */,
				185BB3D02E0D5A66004A9DCD /* LaunchScreen.storyboard in Resources */,
				18F76A6A2E26778E00C5D634 /* PracticeVC.xib in Resources */,
				185BB3D12E0D5A66004A9DCD /* Main.storyboard in Resources */,
				188BB2A72E1E504500020F10 /* ChallengeSettingsVC.xib in Resources */,
			);
			runOnlyForDeploymentPostprocessing = 0;
		};
/* End PBXResourcesBuildPhase section */

/* Begin PBXSourcesBuildPhase section */
		185BB3A82E0D5A10004A9DCD /* Sources */ = {
			isa = PBXSourcesBuildPhase;
			buildActionMask = 2147483647;
			files = (
				18D391C62E150489003CEDD0 /* ChallengeVC.swift in Sources */,
				185BB3D22E0D5A66004A9DCD /* AppDelegate.swift in Sources */,
				18473D5F2E1409E6002B023B /* HomeVC.swift in Sources */,
				18F76A6B2E26778E00C5D634 /* PracticeVC.swift in Sources */,
				18F76A582E26251400C5D634 /* UserDefaultsManager.swift in Sources */,
				18473D582E13FDB2002B023B /* SettingCell.swift in Sources */,
				18380ADF2E17B7EB00F554BA /* BaseViewController.swift in Sources */,
				188BB2A62E1E504500020F10 /* ChallengeSettingsVC.swift in Sources */,
				18473D492E13F84C002B023B /* TabBarVC.swift in Sources */,
				188BB2A12E1E49D400020F10 /* StatsVC.swift in Sources */,
				18473D3C2E13F3BB002B023B /* SplashVC.swift in Sources */,
				188BB29E2E1E48C100020F10 /* AcheivementCell.swift in Sources */,
				18473D4F2E13FC70002B023B /* SettingsVC.swift in Sources */,
				18473D612E14103C002B023B /* Constants.swift in Sources */,
			);
			runOnlyForDeploymentPostprocessing = 0;
		};
/* End PBXSourcesBuildPhase section */

/* Begin PBXVariantGroup section */
		185BB3C82E0D5A66004A9DCD /* LaunchScreen.storyboard */ = {
			isa = PBXVariantGroup;
			children = (
				185BB3C72E0D5A66004A9DCD /* Base */,
			);
			name = LaunchScreen.storyboard;
			sourceTree = "<group>";
		};
		185BB3CA2E0D5A66004A9DCD /* Main.storyboard */ = {
			isa = PBXVariantGroup;
			children = (
				185BB3C92E0D5A66004A9DCD /* Base */,
			);
			name = Main.storyboard;
			sourceTree = "<group>";
		};
/* End PBXVariantGroup section */

/* Begin XCBuildConfiguration section */
		185BB3C02E0D5A12004A9DCD /* Debug */ = {
			isa = XCBuildConfiguration;
			buildSettings = {
				ASSETCATALOG_COMPILER_APPICON_NAME = AppIcon;
				ASSETCATALOG_COMPILER_GLOBAL_ACCENT_COLOR_NAME = AccentColor;
				ASSETCATALOG_COMPILER_INCLUDE_ALL_APPICON_ASSETS = YES;
				CODE_SIGN_ENTITLEMENTS = PasswordLock/PasswordLock.entitlements;
				CODE_SIGN_STYLE = Automatic;
				CURRENT_PROJECT_VERSION = 1;
				DEVELOPMENT_TEAM = R3C28T4HVV;
				GENERATE_INFOPLIST_FILE = YES;
				INFOPLIST_FILE = PasswordLock/Application/Info.plist;
				INFOPLIST_KEY_CFBundleDisplayName = TypeRush;
				INFOPLIST_KEY_ITSAppUsesNonExemptEncryption = NO;
				INFOPLIST_KEY_UIApplicationSupportsIndirectInputEvents = YES;
				INFOPLIST_KEY_UILaunchStoryboardName = LaunchScreen;
				INFOPLIST_KEY_UIRequiresFullScreen = YES;
				INFOPLIST_KEY_UIStatusBarHidden = YES;
				INFOPLIST_KEY_UISupportedInterfaceOrientations = UIInterfaceOrientationPortrait;
				INFOPLIST_KEY_UISupportedInterfaceOrientations_iPad = "UIInterfaceOrientationLandscapeLeft UIInterfaceOrientationLandscapeRight UIInterfaceOrientationPortrait UIInterfaceOrientationPortraitUpsideDown";
				IPHONEOS_DEPLOYMENT_TARGET = 15.0;
				LD_RUNPATH_SEARCH_PATHS = (
					"$(inherited)",
					"@executable_path/Frameworks",
				);
				MARKETING_VERSION = 1.0;
				PRODUCT_BUNDLE_IDENTIFIER = com.raaj.PasswordLock;
				PRODUCT_NAME = "$(TARGET_NAME)";
				SUPPORTED_PLATFORMS = "iphoneos iphonesimulator";
				SUPPORTS_MACCATALYST = NO;
				SUPPORTS_MAC_DESIGNED_FOR_IPHONE_IPAD = NO;
				SUPPORTS_XR_DESIGNED_FOR_IPHONE_IPAD = NO;
				SWIFT_EMIT_LOC_STRINGS = YES;
				SWIFT_VERSION = 5.0;
				TARGETED_DEVICE_FAMILY = 1;
			};
			name = Debug;
		};
		185BB3C12E0D5A12004A9DCD /* Release */ = {
			isa = XCBuildConfiguration;
			buildSettings = {
				ASSETCATALOG_COMPILER_APPICON_NAME = AppIcon;
				ASSETCATALOG_COMPILER_GLOBAL_ACCENT_COLOR_NAME = AccentColor;
				ASSETCATALOG_COMPILER_INCLUDE_ALL_APPICON_ASSETS = YES;
				CODE_SIGN_ENTITLEMENTS = PasswordLock/PasswordLock.entitlements;
				CODE_SIGN_STYLE = Automatic;
				CURRENT_PROJECT_VERSION = 1;
				DEVELOPMENT_TEAM = R3C28T4HVV;
				GENERATE_INFOPLIST_FILE = YES;
				INFOPLIST_FILE = PasswordLock/Application/Info.plist;
				INFOPLIST_KEY_CFBundleDisplayName = TypeRush;
				INFOPLIST_KEY_ITSAppUsesNonExemptEncryption = NO;
				INFOPLIST_KEY_UIApplicationSupportsIndirectInputEvents = YES;
				INFOPLIST_KEY_UILaunchStoryboardName = LaunchScreen;
				INFOPLIST_KEY_UIRequiresFullScreen = YES;
				INFOPLIST_KEY_UIStatusBarHidden = YES;
				INFOPLIST_KEY_UISupportedInterfaceOrientations = UIInterfaceOrientationPortrait;
				INFOPLIST_KEY_UISupportedInterfaceOrientations_iPad = "UIInterfaceOrientationLandscapeLeft UIInterfaceOrientationLandscapeRight UIInterfaceOrientationPortrait UIInterfaceOrientationPortraitUpsideDown";
				IPHONEOS_DEPLOYMENT_TARGET = 15.0;
				LD_RUNPATH_SEARCH_PATHS = (
					"$(inherited)",
					"@executable_path/Frameworks",
				);
				MARKETING_VERSION = 1.0;
				PRODUCT_BUNDLE_IDENTIFIER = com.raaj.PasswordLock;
				PRODUCT_NAME = "$(TARGET_NAME)";
				SUPPORTED_PLATFORMS = "iphoneos iphonesimulator";
				SUPPORTS_MACCATALYST = NO;
				SUPPORTS_MAC_DESIGNED_FOR_IPHONE_IPAD = NO;
				SUPPORTS_XR_DESIGNED_FOR_IPHONE_IPAD = NO;
				SWIFT_EMIT_LOC_STRINGS = YES;
				SWIFT_VERSION = 5.0;
				TARGETED_DEVICE_FAMILY = 1;
			};
			name = Release;
		};
		185BB3C22E0D5A12004A9DCD /* Debug */ = {
			isa = XCBuildConfiguration;
			buildSettings = {
				ALWAYS_SEARCH_USER_PATHS = NO;
				ASSETCATALOG_COMPILER_GENERATE_SWIFT_ASSET_SYMBOL_EXTENSIONS = YES;
				CLANG_ANALYZER_NONNULL = YES;
				CLANG_ANALYZER_NUMBER_OBJECT_CONVERSION = YES_AGGRESSIVE;
				CLANG_CXX_LANGUAGE_STANDARD = "gnu++20";
				CLANG_ENABLE_MODULES = YES;
				CLANG_ENABLE_OBJC_ARC = YES;
				CLANG_ENABLE_OBJC_WEAK = YES;
				CLANG_WARN_BLOCK_CAPTURE_AUTORELEASING = YES;
				CLANG_WARN_BOOL_CONVERSION = YES;
				CLANG_WARN_COMMA = YES;
				CLANG_WARN_CONSTANT_CONVERSION = YES;
				CLANG_WARN_DEPRECATED_OBJC_IMPLEMENTATIONS = YES;
				CLANG_WARN_DIRECT_OBJC_ISA_USAGE = YES_ERROR;
				CLANG_WARN_DOCUMENTATION_COMMENTS = YES;
				CLANG_WARN_EMPTY_BODY = YES;
				CLANG_WARN_ENUM_CONVERSION = YES;
				CLANG_WARN_INFINITE_RECURSION = YES;
				CLANG_WARN_INT_CONVERSION = YES;
				CLANG_WARN_NON_LITERAL_NULL_CONVERSION = YES;
				CLANG_WARN_OBJC_IMPLICIT_RETAIN_SELF = YES;
				CLANG_WARN_OBJC_LITERAL_CONVERSION = YES;
				CLANG_WARN_OBJC_ROOT_CLASS = YES_ERROR;
				CLANG_WARN_QUOTED_INCLUDE_IN_FRAMEWORK_HEADER = YES;
				CLANG_WARN_RANGE_LOOP_ANALYSIS = YES;
				CLANG_WARN_STRICT_PROTOTYPES = YES;
				CLANG_WARN_SUSPICIOUS_MOVE = YES;
				CLANG_WARN_UNGUARDED_AVAILABILITY = YES_AGGRESSIVE;
				CLANG_WARN_UNREACHABLE_CODE = YES;
				CLANG_WARN__DUPLICATE_METHOD_MATCH = YES;
				COPY_PHASE_STRIP = NO;
				DEBUG_INFORMATION_FORMAT = dwarf;
				DEVELOPMENT_TEAM = B6225A755G;
				ENABLE_STRICT_OBJC_MSGSEND = YES;
				ENABLE_TESTABILITY = YES;
				ENABLE_USER_SCRIPT_SANDBOXING = YES;
				GCC_C_LANGUAGE_STANDARD = gnu17;
				GCC_DYNAMIC_NO_PIC = NO;
				GCC_NO_COMMON_BLOCKS = YES;
				GCC_OPTIMIZATION_LEVEL = 0;
				GCC_PREPROCESSOR_DEFINITIONS = (
					"DEBUG=1",
					"$(inherited)",
				);
				GCC_WARN_64_TO_32_BIT_CONVERSION = YES;
				GCC_WARN_ABOUT_RETURN_TYPE = YES_ERROR;
				GCC_WARN_UNDECLARED_SELECTOR = YES;
				GCC_WARN_UNINITIALIZED_AUTOS = YES_AGGRESSIVE;
				GCC_WARN_UNUSED_FUNCTION = YES;
				GCC_WARN_UNUSED_VARIABLE = YES;
				IPHONEOS_DEPLOYMENT_TARGET = 18.4;
				LOCALIZATION_PREFERS_STRING_CATALOGS = YES;
				MTL_ENABLE_DEBUG_INFO = INCLUDE_SOURCE;
				MTL_FAST_MATH = YES;
				ONLY_ACTIVE_ARCH = YES;
				SDKROOT = iphoneos;
				SWIFT_ACTIVE_COMPILATION_CONDITIONS = "DEBUG $(inherited)";
				SWIFT_OPTIMIZATION_LEVEL = "-Onone";
			};
			name = Debug;
		};
		185BB3C32E0D5A12004A9DCD /* Release */ = {
			isa = XCBuildConfiguration;
			buildSettings = {
				ALWAYS_SEARCH_USER_PATHS = NO;
				ASSETCATALOG_COMPILER_GENERATE_SWIFT_ASSET_SYMBOL_EXTENSIONS = YES;
				CLANG_ANALYZER_NONNULL = YES;
				CLANG_ANALYZER_NUMBER_OBJECT_CONVERSION = YES_AGGRESSIVE;
				CLANG_CXX_LANGUAGE_STANDARD = "gnu++20";
				CLANG_ENABLE_MODULES = YES;
				CLANG_ENABLE_OBJC_ARC = YES;
				CLANG_ENABLE_OBJC_WEAK = YES;
				CLANG_WARN_BLOCK_CAPTURE_AUTORELEASING = YES;
				CLANG_WARN_BOOL_CONVERSION = YES;
				CLANG_WARN_COMMA = YES;
				CLANG_WARN_CONSTANT_CONVERSION = YES;
				CLANG_WARN_DEPRECATED_OBJC_IMPLEMENTATIONS = YES;
				CLANG_WARN_DIRECT_OBJC_ISA_USAGE = YES_ERROR;
				CLANG_WARN_DOCUMENTATION_COMMENTS = YES;
				CLANG_WARN_EMPTY_BODY = YES;
				CLANG_WARN_ENUM_CONVERSION = YES;
				CLANG_WARN_INFINITE_RECURSION = YES;
				CLANG_WARN_INT_CONVERSION = YES;
				CLANG_WARN_NON_LITERAL_NULL_CONVERSION = YES;
				CLANG_WARN_OBJC_IMPLICIT_RETAIN_SELF = YES;
				CLANG_WARN_OBJC_LITERAL_CONVERSION = YES;
				CLANG_WARN_OBJC_ROOT_CLASS = YES_ERROR;
				CLANG_WARN_QUOTED_INCLUDE_IN_FRAMEWORK_HEADER = YES;
				CLANG_WARN_RANGE_LOOP_ANALYSIS = YES;
				CLANG_WARN_STRICT_PROTOTYPES = YES;
				CLANG_WARN_SUSPICIOUS_MOVE = YES;
				CLANG_WARN_UNGUARDED_AVAILABILITY = YES_AGGRESSIVE;
				CLANG_WARN_UNREACHABLE_CODE = YES;
				CLANG_WARN__DUPLICATE_METHOD_MATCH = YES;
				COPY_PHASE_STRIP = NO;
				DEBUG_INFORMATION_FORMAT = "dwarf-with-dsym";
				DEVELOPMENT_TEAM = B6225A755G;
				ENABLE_NS_ASSERTIONS = NO;
				ENABLE_STRICT_OBJC_MSGSEND = YES;
				ENABLE_USER_SCRIPT_SANDBOXING = YES;
				GCC_C_LANGUAGE_STANDARD = gnu17;
				GCC_NO_COMMON_BLOCKS = YES;
				GCC_WARN_64_TO_32_BIT_CONVERSION = YES;
				GCC_WARN_ABOUT_RETURN_TYPE = YES_ERROR;
				GCC_WARN_UNDECLARED_SELECTOR = YES;
				GCC_WARN_UNINITIALIZED_AUTOS = YES_AGGRESSIVE;
				GCC_WARN_UNUSED_FUNCTION = YES;
				GCC_WARN_UNUSED_VARIABLE = YES;
				IPHONEOS_DEPLOYMENT_TARGET = 18.4;
				LOCALIZATION_PREFERS_STRING_CATALOGS = YES;
				MTL_ENABLE_DEBUG_INFO = NO;
				MTL_FAST_MATH = YES;
				SDKROOT = iphoneos;
				SWIFT_COMPILATION_MODE = wholemodule;
				VALIDATE_PRODUCT = YES;
			};
			name = Release;
		};
/* End XCBuildConfiguration section */

/* Begin XCConfigurationList section */
		185BB3A72E0D5A10004A9DCD /* Build configuration list for PBXProject "TypeRush" */ = {
			isa = XCConfigurationList;
			buildConfigurations = (
				185BB3C22E0D5A12004A9DCD /* Debug */,
				185BB3C32E0D5A12004A9DCD /* Release */,
			);
			defaultConfigurationIsVisible = 0;
			defaultConfigurationName = Release;
		};
		185BB3BF2E0D5A12004A9DCD /* Build configuration list for PBXNativeTarget "PasswordLock" */ = {
			isa = XCConfigurationList;
			buildConfigurations = (
				185BB3C02E0D5A12004A9DCD /* Debug */,
				185BB3C12E0D5A12004A9DCD /* Release */,
			);
			defaultConfigurationIsVisible = 0;
			defaultConfigurationName = Release;
		};
/* End XCConfigurationList section */

/* Begin XCRemoteSwiftPackageReference section */
		181CB4ED2E0EBD9C005A292A /* XCRemoteSwiftPackageReference "lottie-spm" */ = {
			isa = XCRemoteSwiftPackageReference;
			repositoryURL = "https://github.com/airbnb/lottie-spm.git";
			requirement = {
				kind = upToNextMajorVersion;
				minimumVersion = 4.5.2;
			};
		};
/* End XCRemoteSwiftPackageReference section */

/* Begin XCSwiftPackageProductDependency section */
		181CB4EE2E0EBD9C005A292A /* Lottie */ = {
			isa = XCSwiftPackageProductDependency;
			package = 181CB4ED2E0EBD9C005A292A /* XCRemoteSwiftPackageReference "lottie-spm" */;
			productName = Lottie;
		};
/* End XCSwiftPackageProductDependency section */
	};
	rootObject = 185BB3A42E0D5A10004A9DCD /* Project object */;
}
